{
  "name": "Lab_05",
  "lockfileVersion": 3,
  "requires": true,
  "packages": {
    "": {
      "dependencies": {
        "m06_ins_test": "^1.0.2",
        "nodemailer": "^6.9.8"
      }
    },
    "node_modules/m06_ins_test": {
      "version": "1.0.2",
      "resolved": "https://registry.npmjs.org/m06_ins_test/-/m06_ins_test-1.0.2.tgz",
      "integrity": "sha512-tgX0rb4Y0r4zFjaKx32ENO/cEt/2Yr8oCoO3ZqtBOs3NRNJLuJAigYvs8get2dNS3gI8NB4WDSxF/1G3LtvrCQ=="
    },
    "node_modules/nodemailer": {
      "version": "6.9.8",
      "resolved": "https://registry.npmjs.org/nodemailer/-/nodemailer-6.9.8.tgz",
      "integrity": "sha512-cfrYUk16e67Ks051i4CntM9kshRYei1/o/Gi8K1d+R34OIs21xdFnW7Pt7EucmVKA0LKtqUGNcjMZ7ehjl49mQ==",
      "engines": {
        "node": ">=6.0.0"
      }
    }
  }
}
